
Microsoft Visual Studio Solution File, Format Version 12.00
# Visual Studio Version 17
VisualStudioVersion = 17.9.34622.214
MinimumVisualStudioVersion = 10.0.40219.1
Project("{F184B08F-C81C-45F6-A57F-5ABD9991F28F}") = "Coordinates_Viewer", "Coordinates_Viewer.vbproj", "{B2ECBC7E-FD9E-4D0D-8373-377E4A40F395}"
EndProject
Global
	GlobalSection(SolutionConfigurationPlatforms) = preSolution
		Debug|Any CPU = Debug|Any CPU
		Release|Any CPU = Release|Any CPU
	EndGlobalSection
	GlobalSection(ProjectConfigurationPlatforms) = postSolution
		{B2ECBC7E-FD9E-4D0D-8373-377E4A40F395}.Debug|Any CPU.ActiveCfg = Debug|Any CPU
		{B2ECBC7E-FD9E-4D0D-8373-377E4A40F395}.Debug|Any CPU.Build.0 = Debug|Any CPU
		{B2ECBC7E-FD9E-4D0D-8373-377E4A40F395}.Release|Any CPU.ActiveCfg = Release|Any CPU
		{B2ECBC7E-FD9E-4D0D-8373-377E4A40F395}.Release|Any CPU.Build.0 = Release|Any CPU
	EndGlobalSection
	GlobalSection(SolutionProperties) = preSolution
		HideSolutionNode = FALSE
	EndGlobalSection
	GlobalSection(ExtensibilityGlobals) = postSolution
		SolutionGuid = {CD3B3B09-F013-4DCE-8B30-520CFE0AE945}
	EndGlobalSection
EndGlobal
